
Microsoft Visual Studio Solution File, Format Version 12.00
# Visual Studio 15
VisualStudioVersion = 15.0.28307.421
MinimumVisualStudioVersion = 10.0.40219.1
Project("{FAE04EC0-301F-11D3-BF4B-00C04F79EFBC}") = "SweeTron", "SweeTron\SweeTron.csproj", "{C0F7CC3E-EDA7-4CC7-9623-63A78138FADD}"
EndProject
Global
	GlobalSection(SolutionConfigurationPlatforms) = preSolution
		Debug|Any CPU = Debug|Any CPU
		Release|Any CPU = Release|Any CPU
	EndGlobalSection
	GlobalSection(ProjectConfigurationPlatforms) = postSolution
		{C0F7CC3E-EDA7-4CC7-9623-63A78138FADD}.Debug|Any CPU.ActiveCfg = Debug|Any CPU
		{C0F7CC3E-EDA7-4CC7-9623-63A78138FADD}.Debug|Any CPU.Build.0 = Debug|Any CPU
		{C0F7CC3E-EDA7-4CC7-9623-63A78138FADD}.Release|Any CPU.ActiveCfg = Release|Any CPU
		{C0F7CC3E-EDA7-4CC7-9623-63A78138FADD}.Release|Any CPU.Build.0 = Release|Any CPU
	EndGlobalSection
	GlobalSection(SolutionProperties) = preSolution
		HideSolutionNode = FALSE
	EndGlobalSection
	GlobalSection(ExtensibilityGlobals) = postSolution
		SolutionGuid = {A8B07F65-F66F-41A1-92A2-26A9A826CD6A}
	EndGlobalSection
EndGlobal
